
Microsoft Visual Studio Solution File, Format Version 12.00
# Visual Studio Version 16
VisualStudioVersion = 16.0.31911.196
MinimumVisualStudioVersion = 10.0.40219.1
Project("{9A19103F-16F7-4668-BE54-9A1E7A4F7556}") = "POC.StorageQueue", "POC.StorageQueue.csproj", "{70722761-F0C9-4CB3-B2D8-573A293CEFAC}"
EndProject
Global
	GlobalSection(SolutionConfigurationPlatforms) = preSolution
		Debug|Any CPU = Debug|Any CPU
		Release|Any CPU = Release|Any CPU
	EndGlobalSection
	GlobalSection(ProjectConfigurationPlatforms) = postSolution
		{70722761-F0C9-4CB3-B2D8-573A293CEFAC}.Debug|Any CPU.ActiveCfg = Debug|Any CPU
		{70722761-F0C9-4CB3-B2D8-573A293CEFAC}.Debug|Any CPU.Build.0 = Debug|Any CPU
		{70722761-F0C9-4CB3-B2D8-573A293CEFAC}.Release|Any CPU.ActiveCfg = Release|Any CPU
		{70722761-F0C9-4CB3-B2D8-573A293CEFAC}.Release|Any CPU.Build.0 = Release|Any CPU
	EndGlobalSection
	GlobalSection(SolutionProperties) = preSolution
		HideSolutionNode = FALSE
	EndGlobalSection
	GlobalSection(ExtensibilityGlobals) = postSolution
		SolutionGuid = {90359F95-B88F-4C7B-8354-2DEFEA76C72D}
	EndGlobalSection
EndGlobal
